
Microsoft Visual Studio Solution File, Format Version 12.00
# Visual Studio Version 16
VisualStudioVersion = 16.0.29509.3
MinimumVisualStudioVersion = 10.0.40219.1
Project("{FAE04EC0-301F-11D3-BF4B-00C04F79EFBC}") = "YMS5171_LinqToEntity_Lab", "YMS5171_LinqToEntity_Lab\YMS5171_LinqToEntity_Lab.csproj", "{617A207A-DD0F-4C30-A817-D7EA25E1025B}"
EndProject
Global
	GlobalSection(SolutionConfigurationPlatforms) = preSolution
		Debug|Any CPU = Debug|Any CPU
		Release|Any CPU = Release|Any CPU
	EndGlobalSection
	GlobalSection(ProjectConfigurationPlatforms) = postSolution
		{617A207A-DD0F-4C30-A817-D7EA25E1025B}.Debug|Any CPU.ActiveCfg = Debug|Any CPU
		{617A207A-DD0F-4C30-A817-D7EA25E1025B}.Debug|Any CPU.Build.0 = Debug|Any CPU
		{617A207A-DD0F-4C30-A817-D7EA25E1025B}.Release|Any CPU.ActiveCfg = Release|Any CPU
		{617A207A-DD0F-4C30-A817-D7EA25E1025B}.Release|Any CPU.Build.0 = Release|Any CPU
	EndGlobalSection
	GlobalSection(SolutionProperties) = preSolution
		HideSolutionNode = FALSE
	EndGlobalSection
	GlobalSection(ExtensibilityGlobals) = postSolution
		SolutionGuid = {E690806B-26CB-43E2-8406-F2253D1669F7}
	EndGlobalSection
EndGlobal
